# THIS IS AN AUTOGENERATED FILE. DO NOT EDIT THIS FILE DIRECTLY.
# yarn lockfile v1


"@icon/themify-icons@^1.0.1":
  version "1.0.1"
  resolved "https://registry.yarnpkg.com/@icon/themify-icons/-/themify-icons-1.0.1.tgz#b58581570cd9d3422fcc36e2c435da57df2d4110"
  integrity sha512-CumEdkaflrLkpXofDHx6ZsXhDgf5UjoGnyhkRgJP6U5Bmr1WEPcZFTmt1Vb9d1e7mYVeZVk4g033ja+OLRfE4A==

bootstrap@^4.3.1:
  version "4.3.1"
  resolved "https://registry.yarnpkg.com/bootstrap/-/bootstrap-4.3.1.tgz#280ca8f610504d99d7b6b4bfc4b68cec601704ac"
  integrity sha512-rXqOmH1VilAt2DyPzluTi2blhk17bO7ef+zLLPlWvG494pDxcM234pJ8wTc/6R40UWizAIIMgxjvxZg5kmsbag==

headroom.js@^0.10.3:
  version "0.10.3"
  resolved "https://registry.yarnpkg.com/headroom.js/-/headroom.js-0.10.3.tgz#2fb37ce94bb2f43471070c854d68511ae07db6e7"
  integrity sha512-gMLqEtViTt4GI2G2+XnqRr9OIxxrgKmywHuCY2XtjKnQc2UcdDKbocvkL7Ohi1K5v3sU7BZmzqbQakAjDG/WZQ==

jquery@^3.4.1:
  version "3.4.1"
  resolved "https://registry.yarnpkg.com/jquery/-/jquery-3.4.1.tgz#714f1f8d9dde4bdfa55764ba37ef214630d80ef2"
  integrity sha512-36+AdBzCL+y6qjw5Tx7HgzeGCzC81MDDgaUP8ld2zhx58HdqXGoBd+tHdrBMiyjGQs0Hxs/MLZTu/eHNJJuWPw==

popper.js@^1.16.0:
  version "1.16.0"
  resolved "https://registry.yarnpkg.com/popper.js/-/popper.js-1.16.0.tgz#2e1816bcbbaa518ea6c2e15a466f4cb9c6e2fbb3"
  integrity sha512-+G+EkOPoE5S/zChTpmBSSDYmhXJ5PsW8eMhH8cP/CQHMFPBG/kC9Y5IIw6qNYgdJ+/COf0ddY2li28iHaZRSjw==

reading-time@^1.2.0:
  version "1.2.0"
  resolved "https://registry.yarnpkg.com/reading-time/-/reading-time-1.2.0.tgz#ced71c06715762f805506328dcc1fd45d8249ac4"
  integrity sha512-5b4XmKK4MEss63y0Lw0vn0Zn6G5kiHP88mUnD8UeEsyORj3sh1ghTH0/u6m1Ax9G2F4wUZrknlp6WlIsCvoXVA==

smooth-scroll@^16.1.0:
  version "16.1.0"
  resolved "https://registry.yarnpkg.com/smooth-scroll/-/smooth-scroll-16.1.0.tgz#c811c63db67215d30847745ba0732feb3291947f"
  integrity sha512-V5b8ekIekZ3xJ6f0sPsLgEbN5YT8gX0Q6yNjZXTKgqjH9dBGadZ0P50fhP0rLRBGifc44qfI3rnWNM+lebhJag==
